
Microsoft Visual Studio Solution File, Format Version 12.00
# Visual Studio Version 16
VisualStudioVersion = 16.0.30225.117
MinimumVisualStudioVersion = 10.0.40219.1
Project("{FAE04EC0-301F-11D3-BF4B-00C04F79EFBC}") = "esp8266_smsResponse", "esp8266_smsResponse.csproj", "{23AB8F43-6466-4D11-9628-3461D5CAF651}"
EndProject
Global
	GlobalSection(SolutionConfigurationPlatforms) = preSolution
		Debug|Any CPU = Debug|Any CPU
		Release|Any CPU = Release|Any CPU
	EndGlobalSection
	GlobalSection(ProjectConfigurationPlatforms) = postSolution
		{23AB8F43-6466-4D11-9628-3461D5CAF651}.Debug|Any CPU.ActiveCfg = Debug|Any CPU
		{23AB8F43-6466-4D11-9628-3461D5CAF651}.Debug|Any CPU.Build.0 = Debug|Any CPU
		{23AB8F43-6466-4D11-9628-3461D5CAF651}.Release|Any CPU.ActiveCfg = Release|Any CPU
		{23AB8F43-6466-4D11-9628-3461D5CAF651}.Release|Any CPU.Build.0 = Release|Any CPU
	EndGlobalSection
	GlobalSection(SolutionProperties) = preSolution
		HideSolutionNode = FALSE
	EndGlobalSection
	GlobalSection(ExtensibilityGlobals) = postSolution
		SolutionGuid = {0106A8F5-6E84-4F0C-BF7D-C14C7051A83F}
	EndGlobalSection
EndGlobal
